
Microsoft Visual Studio Solution File, Format Version 12.00
# Visual Studio Version 16
VisualStudioVersion = 16.0.31321.278
MinimumVisualStudioVersion = 10.0.40219.1
Project("{FAE04EC0-301F-11D3-BF4B-00C04F79EFBC}") = "Service_PowerMontero", "Service_PowerMontero.csproj", "{B3F97670-9916-4877-B158-3ECB42B45A37}"
EndProject
Global
	GlobalSection(SolutionConfigurationPlatforms) = preSolution
		Debug|Any CPU = Debug|Any CPU
		Release|Any CPU = Release|Any CPU
	EndGlobalSection
	GlobalSection(ProjectConfigurationPlatforms) = postSolution
		{B3F97670-9916-4877-B158-3ECB42B45A37}.Debug|Any CPU.ActiveCfg = Debug|Any CPU
		{B3F97670-9916-4877-B158-3ECB42B45A37}.Debug|Any CPU.Build.0 = Debug|Any CPU
		{B3F97670-9916-4877-B158-3ECB42B45A37}.Release|Any CPU.ActiveCfg = Release|Any CPU
		{B3F97670-9916-4877-B158-3ECB42B45A37}.Release|Any CPU.Build.0 = Release|Any CPU
	EndGlobalSection
	GlobalSection(SolutionProperties) = preSolution
		HideSolutionNode = FALSE
	EndGlobalSection
	GlobalSection(ExtensibilityGlobals) = postSolution
		SolutionGuid = {81B18635-3798-41F2-97AE-97BBB3F45E38}
	EndGlobalSection
EndGlobal
